
Microsoft Visual Studio Solution File, Format Version 12.00
# Visual Studio Version 17
VisualStudioVersion = 17.11.35327.3
MinimumVisualStudioVersion = 10.0.40219.1
Project("{2150E333-8FDC-42A3-9474-1A3956D46DE8}") = "src", "src", "{A589541F-0B4C-451B-9437-B9D821DC2FDE}"
EndProject
Project("{2150E333-8FDC-42A3-9474-1A3956D46DE8}") = "test", "test", "{EF6BC633-F1D1-4CB8-A676-0F763EE4FFEF}"
EndProject
Project("{2150E333-8FDC-42A3-9474-1A3956D46DE8}") = "Core", "Core", "{C6298868-355E-40F8-9AAE-88D8BBBB49D8}"
EndProject
Project("{2150E333-8FDC-42A3-9474-1A3956D46DE8}") = "API", "API", "{255520B9-E15C-44E7-9A7C-108CF2CE9056}"
EndProject
Project("{2150E333-8FDC-42A3-9474-1A3956D46DE8}") = "Infrastructure", "Infrastructure", "{59475211-4D0B-4FF3-A822-38E10347A7A6}"
EndProject
Project("{2150E333-8FDC-42A3-9474-1A3956D46DE8}") = "UI", "UI", "{2A3562C8-36FC-4E44-BA8A-B817AD501B34}"
EndProject
Project("{9A19103F-16F7-4668-BE54-9A1E7A4F7556}") = "HR.LeaveManagement.Domian", "HR.LeaveManagement.Domian\HR.LeaveManagement.Domian.csproj", "{3E3CD2B9-8974-41EF-A4B8-8274017E1B5D}"
EndProject
Project("{9A19103F-16F7-4668-BE54-9A1E7A4F7556}") = "HR.LeaveManagement.Application", "HR.LeaveManagement.Application\HR.LeaveManagement.Application.csproj", "{09A201DD-BC84-4204-8943-EFABFB01D2E5}"
EndProject
Project("{9A19103F-16F7-4668-BE54-9A1E7A4F7556}") = "HR.LeaveManagement.Infrastructure", "LeaveManagement.Infrastructure\HR.LeaveManagement.Infrastructure.csproj", "{DC36B409-579C-46C9-92D5-448293ABEBD7}"
EndProject
Project("{FAE04EC0-301F-11D3-BF4B-00C04F79EFBC}") = "HR.LeaveManagement.API", "HR.LeaveManagement.API\HR.LeaveManagement.API.csproj", "{A8310059-00A0-4EFD-AA0F-441C1054C786}"
EndProject
Project("{FAE04EC0-301F-11D3-BF4B-00C04F79EFBC}") = "HR.LeaveManagement.Persistence", "HR.LeaveManagement.Persistence\HR.LeaveManagement.Persistence.csproj", "{AA09DDC3-4057-44C5-9C4D-6C9A1D01364D}"
EndProject
Global
	GlobalSection(SolutionConfigurationPlatforms) = preSolution
		Debug|Any CPU = Debug|Any CPU
		Release|Any CPU = Release|Any CPU
	EndGlobalSection
	GlobalSection(ProjectConfigurationPlatforms) = postSolution
		{3E3CD2B9-8974-41EF-A4B8-8274017E1B5D}.Debug|Any CPU.ActiveCfg = Debug|Any CPU
		{3E3CD2B9-8974-41EF-A4B8-8274017E1B5D}.Debug|Any CPU.Build.0 = Debug|Any CPU
		{3E3CD2B9-8974-41EF-A4B8-8274017E1B5D}.Release|Any CPU.ActiveCfg = Release|Any CPU
		{3E3CD2B9-8974-41EF-A4B8-8274017E1B5D}.Release|Any CPU.Build.0 = Release|Any CPU
		{09A201DD-BC84-4204-8943-EFABFB01D2E5}.Debug|Any CPU.ActiveCfg = Debug|Any CPU
		{09A201DD-BC84-4204-8943-EFABFB01D2E5}.Debug|Any CPU.Build.0 = Debug|Any CPU
		{09A201DD-BC84-4204-8943-EFABFB01D2E5}.Release|Any CPU.ActiveCfg = Release|Any CPU
		{09A201DD-BC84-4204-8943-EFABFB01D2E5}.Release|Any CPU.Build.0 = Release|Any CPU
		{DC36B409-579C-46C9-92D5-448293ABEBD7}.Debug|Any CPU.ActiveCfg = Debug|Any CPU
		{DC36B409-579C-46C9-92D5-448293ABEBD7}.Debug|Any CPU.Build.0 = Debug|Any CPU
		{DC36B409-579C-46C9-92D5-448293ABEBD7}.Release|Any CPU.ActiveCfg = Release|Any CPU
		{DC36B409-579C-46C9-92D5-448293ABEBD7}.Release|Any CPU.Build.0 = Release|Any CPU
		{A8310059-00A0-4EFD-AA0F-441C1054C786}.Debug|Any CPU.ActiveCfg = Debug|Any CPU
		{A8310059-00A0-4EFD-AA0F-441C1054C786}.Debug|Any CPU.Build.0 = Debug|Any CPU
		{A8310059-00A0-4EFD-AA0F-441C1054C786}.Release|Any CPU.ActiveCfg = Release|Any CPU
		{A8310059-00A0-4EFD-AA0F-441C1054C786}.Release|Any CPU.Build.0 = Release|Any CPU
		{AA09DDC3-4057-44C5-9C4D-6C9A1D01364D}.Debug|Any CPU.ActiveCfg = Debug|Any CPU
		{AA09DDC3-4057-44C5-9C4D-6C9A1D01364D}.Debug|Any CPU.Build.0 = Debug|Any CPU
		{AA09DDC3-4057-44C5-9C4D-6C9A1D01364D}.Release|Any CPU.ActiveCfg = Release|Any CPU
		{AA09DDC3-4057-44C5-9C4D-6C9A1D01364D}.Release|Any CPU.Build.0 = Release|Any CPU
	EndGlobalSection
	GlobalSection(SolutionProperties) = preSolution
		HideSolutionNode = FALSE
	EndGlobalSection
	GlobalSection(NestedProjects) = preSolution
		{C6298868-355E-40F8-9AAE-88D8BBBB49D8} = {A589541F-0B4C-451B-9437-B9D821DC2FDE}
		{255520B9-E15C-44E7-9A7C-108CF2CE9056} = {A589541F-0B4C-451B-9437-B9D821DC2FDE}
		{59475211-4D0B-4FF3-A822-38E10347A7A6} = {A589541F-0B4C-451B-9437-B9D821DC2FDE}
		{2A3562C8-36FC-4E44-BA8A-B817AD501B34} = {A589541F-0B4C-451B-9437-B9D821DC2FDE}
		{3E3CD2B9-8974-41EF-A4B8-8274017E1B5D} = {C6298868-355E-40F8-9AAE-88D8BBBB49D8}
		{09A201DD-BC84-4204-8943-EFABFB01D2E5} = {C6298868-355E-40F8-9AAE-88D8BBBB49D8}
		{DC36B409-579C-46C9-92D5-448293ABEBD7} = {59475211-4D0B-4FF3-A822-38E10347A7A6}
		{A8310059-00A0-4EFD-AA0F-441C1054C786} = {255520B9-E15C-44E7-9A7C-108CF2CE9056}
		{AA09DDC3-4057-44C5-9C4D-6C9A1D01364D} = {59475211-4D0B-4FF3-A822-38E10347A7A6}
	EndGlobalSection
	GlobalSection(ExtensibilityGlobals) = postSolution
		SolutionGuid = {EB697C8A-D001-464A-807B-DE3B18107FDE}
	EndGlobalSection
EndGlobal
